
Microsoft Visual Studio Solution File, Format Version 12.00
# Visual Studio Version 17
VisualStudioVersion = 17.0.31903.59
MinimumVisualStudioVersion = 10.0.40219.1
Project("{2150E333-8FDC-42A3-9474-1A3956D46DE8}") = "src", "src", "{827E0CD3-B72D-47B6-A68D-7590B98EB39B}"
EndProject
Project("{FAE04EC0-301F-11D3-BF4B-00C04F79EFBC}") = "RevitCortex.Core", "src\RevitCortex.Core\RevitCortex.Core.csproj", "{106FF128-2D0B-4E56-BE0D-B04B42E4A6D3}"
EndProject
Project("{FAE04EC0-301F-11D3-BF4B-00C04F79EFBC}") = "RevitCortex.Plugin", "src\RevitCortex.Plugin\RevitCortex.Plugin.csproj", "{2CD81F71-EF86-4B45-9BF1-D2FCE9B4E994}"
EndProject
Project("{FAE04EC0-301F-11D3-BF4B-00C04F79EFBC}") = "RevitCortex.Tools", "src\RevitCortex.Tools\RevitCortex.Tools.csproj", "{956F2F14-56CD-413E-AED0-6D33EE5A1913}"
EndProject
Project("{FAE04EC0-301F-11D3-BF4B-00C04F79EFBC}") = "RevitCortex.Server", "src\RevitCortex.Server\RevitCortex.Server.csproj", "{E4FCE01D-FCC6-4E02-BEE6-5EEA41C8B9C2}"
EndProject
Project("{FAE04EC0-301F-11D3-BF4B-00C04F79EFBC}") = "RevitCortex.Tests", "src\RevitCortex.Tests\RevitCortex.Tests.csproj", "{DFC67F37-8C5C-4B7E-9C51-A6D1EF079CCA}"
EndProject
Global
	GlobalSection(SolutionConfigurationPlatforms) = preSolution
		Debug|Any CPU = Debug|Any CPU
		Debug|x64 = Debug|x64
		Debug|x86 = Debug|x86
		Release|Any CPU = Release|Any CPU
		Release|x64 = Release|x64
		Release|x86 = Release|x86
	EndGlobalSection
	GlobalSection(ProjectConfigurationPlatforms) = postSolution
		{106FF128-2D0B-4E56-BE0D-B04B42E4A6D3}.Debug|Any CPU.ActiveCfg = Debug|Any CPU
		{106FF128-2D0B-4E56-BE0D-B04B42E4A6D3}.Debug|Any CPU.Build.0 = Debug|Any CPU
		{106FF128-2D0B-4E56-BE0D-B04B42E4A6D3}.Debug|x64.ActiveCfg = Debug|Any CPU
		{106FF128-2D0B-4E56-BE0D-B04B42E4A6D3}.Debug|x64.Build.0 = Debug|Any CPU
		{106FF128-2D0B-4E56-BE0D-B04B42E4A6D3}.Debug|x86.ActiveCfg = Debug|Any CPU
		{106FF128-2D0B-4E56-BE0D-B04B42E4A6D3}.Debug|x86.Build.0 = Debug|Any CPU
		{106FF128-2D0B-4E56-BE0D-B04B42E4A6D3}.Release|Any CPU.ActiveCfg = Release|Any CPU
		{106FF128-2D0B-4E56-BE0D-B04B42E4A6D3}.Release|Any CPU.Build.0 = Release|Any CPU
		{106FF128-2D0B-4E56-BE0D-B04B42E4A6D3}.Release|x64.ActiveCfg = Release|Any CPU
		{106FF128-2D0B-4E56-BE0D-B04B42E4A6D3}.Release|x64.Build.0 = Release|Any CPU
		{106FF128-2D0B-4E56-BE0D-B04B42E4A6D3}.Release|x86.ActiveCfg = Release|Any CPU
		{106FF128-2D0B-4E56-BE0D-B04B42E4A6D3}.Release|x86.Build.0 = Release|Any CPU
		{2CD81F71-EF86-4B45-9BF1-D2FCE9B4E994}.Debug|Any CPU.ActiveCfg = Debug|Any CPU
		{2CD81F71-EF86-4B45-9BF1-D2FCE9B4E994}.Debug|Any CPU.Build.0 = Debug|Any CPU
		{2CD81F71-EF86-4B45-9BF1-D2FCE9B4E994}.Debug|x64.ActiveCfg = Debug|Any CPU
		{2CD81F71-EF86-4B45-9BF1-D2FCE9B4E994}.Debug|x64.Build.0 = Debug|Any CPU
		{2CD81F71-EF86-4B45-9BF1-D2FCE9B4E994}.Debug|x86.ActiveCfg = Debug|Any CPU
		{2CD81F71-EF86-4B45-9BF1-D2FCE9B4E994}.Debug|x86.Build.0 = Debug|Any CPU
		{2CD81F71-EF86-4B45-9BF1-D2FCE9B4E994}.Release|Any CPU.ActiveCfg = Release|Any CPU
		{2CD81F71-EF86-4B45-9BF1-D2FCE9B4E994}.Release|Any CPU.Build.0 = Release|Any CPU
		{2CD81F71-EF86-4B45-9BF1-D2FCE9B4E994}.Release|x64.ActiveCfg = Release|Any CPU
		{2CD81F71-EF86-4B45-9BF1-D2FCE9B4E994}.Release|x64.Build.0 = Release|Any CPU
		{2CD81F71-EF86-4B45-9BF1-D2FCE9B4E994}.Release|x86.ActiveCfg = Release|Any CPU
		{2CD81F71-EF86-4B45-9BF1-D2FCE9B4E994}.Release|x86.Build.0 = Release|Any CPU
		{956F2F14-56CD-413E-AED0-6D33EE5A1913}.Debug|Any CPU.ActiveCfg = Debug|Any CPU
		{956F2F14-56CD-413E-AED0-6D33EE5A1913}.Debug|Any CPU.Build.0 = Debug|Any CPU
		{956F2F14-56CD-413E-AED0-6D33EE5A1913}.Debug|x64.ActiveCfg = Debug|Any CPU
		{956F2F14-56CD-413E-AED0-6D33EE5A1913}.Debug|x64.Build.0 = Debug|Any CPU
		{956F2F14-56CD-413E-AED0-6D33EE5A1913}.Debug|x86.ActiveCfg = Debug|Any CPU
		{956F2F14-56CD-413E-AED0-6D33EE5A1913}.Debug|x86.Build.0 = Debug|Any CPU
		{956F2F14-56CD-413E-AED0-6D33EE5A1913}.Release|Any CPU.ActiveCfg = Release|Any CPU
		{956F2F14-56CD-413E-AED0-6D33EE5A1913}.Release|Any CPU.Build.0 = Release|Any CPU
		{956F2F14-56CD-413E-AED0-6D33EE5A1913}.Release|x64.ActiveCfg = Release|Any CPU
		{956F2F14-56CD-413E-AED0-6D33EE5A1913}.Release|x64.Build.0 = Release|Any CPU
		{956F2F14-56CD-413E-AED0-6D33EE5A1913}.Release|x86.ActiveCfg = Release|Any CPU
		{956F2F14-56CD-413E-AED0-6D33EE5A1913}.Release|x86.Build.0 = Release|Any CPU
		{E4FCE01D-FCC6-4E02-BEE6-5EEA41C8B9C2}.Debug|Any CPU.ActiveCfg = Debug|Any CPU
		{E4FCE01D-FCC6-4E02-BEE6-5EEA41C8B9C2}.Debug|Any CPU.Build.0 = Debug|Any CPU
		{E4FCE01D-FCC6-4E02-BEE6-5EEA41C8B9C2}.Debug|x64.ActiveCfg = Debug|Any CPU
		{E4FCE01D-FCC6-4E02-BEE6-5EEA41C8B9C2}.Debug|x64.Build.0 = Debug|Any CPU
		{E4FCE01D-FCC6-4E02-BEE6-5EEA41C8B9C2}.Debug|x86.ActiveCfg = Debug|Any CPU
		{E4FCE01D-FCC6-4E02-BEE6-5EEA41C8B9C2}.Debug|x86.Build.0 = Debug|Any CPU
		{E4FCE01D-FCC6-4E02-BEE6-5EEA41C8B9C2}.Release|Any CPU.ActiveCfg = Release|Any CPU
		{E4FCE01D-FCC6-4E02-BEE6-5EEA41C8B9C2}.Release|Any CPU.Build.0 = Release|Any CPU
		{E4FCE01D-FCC6-4E02-BEE6-5EEA41C8B9C2}.Release|x64.ActiveCfg = Release|Any CPU
		{E4FCE01D-FCC6-4E02-BEE6-5EEA41C8B9C2}.Release|x64.Build.0 = Release|Any CPU
		{E4FCE01D-FCC6-4E02-BEE6-5EEA41C8B9C2}.Release|x86.ActiveCfg = Release|Any CPU
		{E4FCE01D-FCC6-4E02-BEE6-5EEA41C8B9C2}.Release|x86.Build.0 = Release|Any CPU
		{DFC67F37-8C5C-4B7E-9C51-A6D1EF079CCA}.Debug|Any CPU.ActiveCfg = Debug|Any CPU
		{DFC67F37-8C5C-4B7E-9C51-A6D1EF079CCA}.Debug|Any CPU.Build.0 = Debug|Any CPU
		{DFC67F37-8C5C-4B7E-9C51-A6D1EF079CCA}.Debug|x64.ActiveCfg = Debug|Any CPU
		{DFC67F37-8C5C-4B7E-9C51-A6D1EF079CCA}.Debug|x64.Build.0 = Debug|Any CPU
		{DFC67F37-8C5C-4B7E-9C51-A6D1EF079CCA}.Debug|x86.ActiveCfg = Debug|Any CPU
		{DFC67F37-8C5C-4B7E-9C51-A6D1EF079CCA}.Debug|x86.Build.0 = Debug|Any CPU
		{DFC67F37-8C5C-4B7E-9C51-A6D1EF079CCA}.Release|Any CPU.ActiveCfg = Release|Any CPU
		{DFC67F37-8C5C-4B7E-9C51-A6D1EF079CCA}.Release|Any CPU.Build.0 = Release|Any CPU
		{DFC67F37-8C5C-4B7E-9C51-A6D1EF079CCA}.Release|x64.ActiveCfg = Release|Any CPU
		{DFC67F37-8C5C-4B7E-9C51-A6D1EF079CCA}.Release|x64.Build.0 = Release|Any CPU
		{DFC67F37-8C5C-4B7E-9C51-A6D1EF079CCA}.Release|x86.ActiveCfg = Release|Any CPU
		{DFC67F37-8C5C-4B7E-9C51-A6D1EF079CCA}.Release|x86.Build.0 = Release|Any CPU
	EndGlobalSection
	GlobalSection(SolutionProperties) = preSolution
		HideSolutionNode = FALSE
	EndGlobalSection
	GlobalSection(NestedProjects) = preSolution
		{106FF128-2D0B-4E56-BE0D-B04B42E4A6D3} = {827E0CD3-B72D-47B6-A68D-7590B98EB39B}
		{2CD81F71-EF86-4B45-9BF1-D2FCE9B4E994} = {827E0CD3-B72D-47B6-A68D-7590B98EB39B}
		{956F2F14-56CD-413E-AED0-6D33EE5A1913} = {827E0CD3-B72D-47B6-A68D-7590B98EB39B}
		{E4FCE01D-FCC6-4E02-BEE6-5EEA41C8B9C2} = {827E0CD3-B72D-47B6-A68D-7590B98EB39B}
		{DFC67F37-8C5C-4B7E-9C51-A6D1EF079CCA} = {827E0CD3-B72D-47B6-A68D-7590B98EB39B}
	EndGlobalSection
EndGlobal
